
Microsoft Visual Studio Solution File, Format Version 12.00
# Visual Studio 15
VisualStudioVersion = 15.0.28010.2036
MinimumVisualStudioVersion = 10.0.40219.1
Project("{FAE04EC0-301F-11D3-BF4B-00C04F79EFBC}") = "Xamarin.Essentials.Sample.Android", "Xamarin.Essentials.Sample\Xamarin.Essentials.Sample.Android\Xamarin.Essentials.Sample.Android.csproj", "{F30EEFE2-169C-4699-A14C-B7547FA95BCB}"
EndProject
Project("{FAE04EC0-301F-11D3-BF4B-00C04F79EFBC}") = "Xamarin.Essentials.Sample.iOS", "Xamarin.Essentials.Sample\Xamarin.Essentials.Sample.iOS\Xamarin.Essentials.Sample.iOS.csproj", "{7C12169C-B02F-4496-87B9-E0977AAE02EA}"
EndProject
Project("{FAE04EC0-301F-11D3-BF4B-00C04F79EFBC}") = "Xamarin.Essentials.Sample.UWP", "Xamarin.Essentials.Sample\Xamarin.Essentials.Sample.UWP\Xamarin.Essentials.Sample.UWP.csproj", "{02B10738-7717-4EBE-9F4A-F04657E591F7}"
EndProject
Project("{FAE04EC0-301F-11D3-BF4B-00C04F79EFBC}") = "Xamarin.Essentials.Sample.MobileAppService", "Xamarin.Essentials.Sample\Xamarin.Essentials.Sample.MobileAppService\Xamarin.Essentials.Sample.MobileAppService.csproj", "{8389D7BB-3204-4F54-AAC2-BB242F2E6EF4}"
EndProject
Project("{FAE04EC0-301F-11D3-BF4B-00C04F79EFBC}") = "Xamarin.Essentials.Sample", "Xamarin.Essentials.Sample\Xamarin.Essentials.Sample\Xamarin.Essentials.Sample.csproj", "{5FE2B690-3585-4BF5-99C2-BBEBA786AF5F}"
EndProject
Global
	GlobalSection(SolutionConfigurationPlatforms) = preSolution
		Debug|Any CPU = Debug|Any CPU
		Debug|ARM = Debug|ARM
		Debug|iPhone = Debug|iPhone
		Debug|iPhoneSimulator = Debug|iPhoneSimulator
		Debug|x64 = Debug|x64
		Debug|x86 = Debug|x86
		Release|Any CPU = Release|Any CPU
		Release|ARM = Release|ARM
		Release|iPhone = Release|iPhone
		Release|iPhoneSimulator = Release|iPhoneSimulator
		Release|x64 = Release|x64
		Release|x86 = Release|x86
	EndGlobalSection
	GlobalSection(ProjectConfigurationPlatforms) = postSolution
		{F30EEFE2-169C-4699-A14C-B7547FA95BCB}.Debug|Any CPU.ActiveCfg = Debug|Any CPU
		{F30EEFE2-169C-4699-A14C-B7547FA95BCB}.Debug|Any CPU.Build.0 = Debug|Any CPU
		{F30EEFE2-169C-4699-A14C-B7547FA95BCB}.Debug|Any CPU.Deploy.0 = Debug|Any CPU
		{F30EEFE2-169C-4699-A14C-B7547FA95BCB}.Debug|ARM.ActiveCfg = Debug|Any CPU
		{F30EEFE2-169C-4699-A14C-B7547FA95BCB}.Debug|ARM.Build.0 = Debug|Any CPU
		{F30EEFE2-169C-4699-A14C-B7547FA95BCB}.Debug|ARM.Deploy.0 = Debug|Any CPU
		{F30EEFE2-169C-4699-A14C-B7547FA95BCB}.Debug|iPhone.ActiveCfg = Debug|Any CPU
		{F30EEFE2-169C-4699-A14C-B7547FA95BCB}.Debug|iPhone.Build.0 = Debug|Any CPU
		{F30EEFE2-169C-4699-A14C-B7547FA95BCB}.Debug|iPhone.Deploy.0 = Debug|Any CPU
		{F30EEFE2-169C-4699-A14C-B7547FA95BCB}.Debug|iPhoneSimulator.ActiveCfg = Debug|Any CPU
		{F30EEFE2-169C-4699-A14C-B7547FA95BCB}.Debug|iPhoneSimulator.Build.0 = Debug|Any CPU
		{F30EEFE2-169C-4699-A14C-B7547FA95BCB}.Debug|iPhoneSimulator.Deploy.0 = Debug|Any CPU
		{F30EEFE2-169C-4699-A14C-B7547FA95BCB}.Debug|x64.ActiveCfg = Debug|Any CPU
		{F30EEFE2-169C-4699-A14C-B7547FA95BCB}.Debug|x64.Build.0 = Debug|Any CPU
		{F30EEFE2-169C-4699-A14C-B7547FA95BCB}.Debug|x64.Deploy.0 = Debug|Any CPU
		{F30EEFE2-169C-4699-A14C-B7547FA95BCB}.Debug|x86.ActiveCfg = Debug|Any CPU
		{F30EEFE2-169C-4699-A14C-B7547FA95BCB}.Debug|x86.Build.0 = Debug|Any CPU
		{F30EEFE2-169C-4699-A14C-B7547FA95BCB}.Debug|x86.Deploy.0 = Debug|Any CPU
		{F30EEFE2-169C-4699-A14C-B7547FA95BCB}.Release|Any CPU.ActiveCfg = Release|Any CPU
		{F30EEFE2-169C-4699-A14C-B7547FA95BCB}.Release|Any CPU.Build.0 = Release|Any CPU
		{F30EEFE2-169C-4699-A14C-B7547FA95BCB}.Release|Any CPU.Deploy.0 = Release|Any CPU
		{F30EEFE2-169C-4699-A14C-B7547FA95BCB}.Release|ARM.ActiveCfg = Release|Any CPU
		{F30EEFE2-169C-4699-A14C-B7547FA95BCB}.Release|ARM.Build.0 = Release|Any CPU
		{F30EEFE2-169C-4699-A14C-B7547FA95BCB}.Release|ARM.Deploy.0 = Release|Any CPU
		{F30EEFE2-169C-4699-A14C-B7547FA95BCB}.Release|iPhone.ActiveCfg = Release|Any CPU
		{F30EEFE2-169C-4699-A14C-B7547FA95BCB}.Release|iPhone.Build.0 = Release|Any CPU
		{F30EEFE2-169C-4699-A14C-B7547FA95BCB}.Release|iPhone.Deploy.0 = Release|Any CPU
		{F30EEFE2-169C-4699-A14C-B7547FA95BCB}.Release|iPhoneSimulator.ActiveCfg = Release|Any CPU
		{F30EEFE2-169C-4699-A14C-B7547FA95BCB}.Release|iPhoneSimulator.Build.0 = Release|Any CPU
		{F30EEFE2-169C-4699-A14C-B7547FA95BCB}.Release|iPhoneSimulator.Deploy.0 = Release|Any CPU
		{F30EEFE2-169C-4699-A14C-B7547FA95BCB}.Release|x64.ActiveCfg = Release|Any CPU
		{F30EEFE2-169C-4699-A14C-B7547FA95BCB}.Release|x64.Build.0 = Release|Any CPU
		{F30EEFE2-169C-4699-A14C-B7547FA95BCB}.Release|x64.Deploy.0 = Release|Any CPU
		{F30EEFE2-169C-4699-A14C-B7547FA95BCB}.Release|x86.ActiveCfg = Release|Any CPU
		{F30EEFE2-169C-4699-A14C-B7547FA95BCB}.Release|x86.Build.0 = Release|Any CPU
		{F30EEFE2-169C-4699-A14C-B7547FA95BCB}.Release|x86.Deploy.0 = Release|Any CPU
		{7C12169C-B02F-4496-87B9-E0977AAE02EA}.Debug|Any CPU.ActiveCfg = Debug|iPhoneSimulator
		{7C12169C-B02F-4496-87B9-E0977AAE02EA}.Debug|Any CPU.Build.0 = Debug|iPhoneSimulator
		{7C12169C-B02F-4496-87B9-E0977AAE02EA}.Debug|Any CPU.Deploy.0 = Debug|iPhoneSimulator
		{7C12169C-B02F-4496-87B9-E0977AAE02EA}.Debug|ARM.ActiveCfg = Debug|iPhone
		{7C12169C-B02F-4496-87B9-E0977AAE02EA}.Debug|ARM.Build.0 = Debug|iPhone
		{7C12169C-B02F-4496-87B9-E0977AAE02EA}.Debug|ARM.Deploy.0 = Debug|iPhone
		{7C12169C-B02F-4496-87B9-E0977AAE02EA}.Debug|iPhone.ActiveCfg = Debug|iPhone
		{7C12169C-B02F-4496-87B9-E0977AAE02EA}.Debug|iPhone.Build.0 = Debug|iPhone
		{7C12169C-B02F-4496-87B9-E0977AAE02EA}.Debug|iPhone.Deploy.0 = Debug|iPhone
		{7C12169C-B02F-4496-87B9-E0977AAE02EA}.Debug|iPhoneSimulator.ActiveCfg = Debug|iPhoneSimulator
		{7C12169C-B02F-4496-87B9-E0977AAE02EA}.Debug|iPhoneSimulator.Build.0 = Debug|iPhoneSimulator
		{7C12169C-B02F-4496-87B9-E0977AAE02EA}.Debug|iPhoneSimulator.Deploy.0 = Debug|iPhoneSimulator
		{7C12169C-B02F-4496-87B9-E0977AAE02EA}.Debug|x64.ActiveCfg = Debug|iPhone
		{7C12169C-B02F-4496-87B9-E0977AAE02EA}.Debug|x64.Build.0 = Debug|iPhone
		{7C12169C-B02F-4496-87B9-E0977AAE02EA}.Debug|x64.Deploy.0 = Debug|iPhone
		{7C12169C-B02F-4496-87B9-E0977AAE02EA}.Debug|x86.ActiveCfg = Debug|iPhone
		{7C12169C-B02F-4496-87B9-E0977AAE02EA}.Debug|x86.Build.0 = Debug|iPhone
		{7C12169C-B02F-4496-87B9-E0977AAE02EA}.Debug|x86.Deploy.0 = Debug|iPhone
		{7C12169C-B02F-4496-87B9-E0977AAE02EA}.Release|Any CPU.ActiveCfg = Release|iPhone
		{7C12169C-B02F-4496-87B9-E0977AAE02EA}.Release|Any CPU.Build.0 = Release|iPhone
		{7C12169C-B02F-4496-87B9-E0977AAE02EA}.Release|Any CPU.Deploy.0 = Release|iPhone
		{7C12169C-B02F-4496-87B9-E0977AAE02EA}.Release|ARM.ActiveCfg = Release|iPhone
		{7C12169C-B02F-4496-87B9-E0977AAE02EA}.Release|ARM.Build.0 = Release|iPhone
		{7C12169C-B02F-4496-87B9-E0977AAE02EA}.Release|ARM.Deploy.0 = Release|iPhone
		{7C12169C-B02F-4496-87B9-E0977AAE02EA}.Release|iPhone.ActiveCfg = Release|iPhone
		{7C12169C-B02F-4496-87B9-E0977AAE02EA}.Release|iPhone.Build.0 = Release|iPhone
		{7C12169C-B02F-4496-87B9-E0977AAE02EA}.Release|iPhone.Deploy.0 = Release|iPhone
		{7C12169C-B02F-4496-87B9-E0977AAE02EA}.Release|iPhoneSimulator.ActiveCfg = Release|iPhoneSimulator
		{7C12169C-B02F-4496-87B9-E0977AAE02EA}.Release|iPhoneSimulator.Build.0 = Release|iPhoneSimulator
		{7C12169C-B02F-4496-87B9-E0977AAE02EA}.Release|iPhoneSimulator.Deploy.0 = Release|iPhoneSimulator
		{7C12169C-B02F-4496-87B9-E0977AAE02EA}.Release|x64.ActiveCfg = Release|iPhone
		{7C12169C-B02F-4496-87B9-E0977AAE02EA}.Release|x64.Build.0 = Release|iPhone
		{7C12169C-B02F-4496-87B9-E0977AAE02EA}.Release|x64.Deploy.0 = Release|iPhone
		{7C12169C-B02F-4496-87B9-E0977AAE02EA}.Release|x86.ActiveCfg = Release|iPhone
		{7C12169C-B02F-4496-87B9-E0977AAE02EA}.Release|x86.Build.0 = Release|iPhone
		{7C12169C-B02F-4496-87B9-E0977AAE02EA}.Release|x86.Deploy.0 = Release|iPhone
		{02B10738-7717-4EBE-9F4A-F04657E591F7}.Debug|Any CPU.ActiveCfg = Debug|x86
		{02B10738-7717-4EBE-9F4A-F04657E591F7}.Debug|Any CPU.Build.0 = Debug|x86
		{02B10738-7717-4EBE-9F4A-F04657E591F7}.Debug|Any CPU.Deploy.0 = Debug|x86
		{02B10738-7717-4EBE-9F4A-F04657E591F7}.Debug|ARM.ActiveCfg = Debug|ARM
		{02B10738-7717-4EBE-9F4A-F04657E591F7}.Debug|ARM.Build.0 = Debug|ARM
		{02B10738-7717-4EBE-9F4A-F04657E591F7}.Debug|ARM.Deploy.0 = Debug|ARM
		{02B10738-7717-4EBE-9F4A-F04657E591F7}.Debug|iPhone.ActiveCfg = Debug|x86
		{02B10738-7717-4EBE-9F4A-F04657E591F7}.Debug|iPhone.Build.0 = Debug|x86
		{02B10738-7717-4EBE-9F4A-F04657E591F7}.Debug|iPhone.Deploy.0 = Debug|x86
		{02B10738-7717-4EBE-9F4A-F04657E591F7}.Debug|iPhoneSimulator.ActiveCfg = Debug|x86
		{02B10738-7717-4EBE-9F4A-F04657E591F7}.Debug|iPhoneSimulator.Build.0 = Debug|x86
		{02B10738-7717-4EBE-9F4A-F04657E591F7}.Debug|iPhoneSimulator.Deploy.0 = Debug|x86
		{02B10738-7717-4EBE-9F4A-F04657E591F7}.Debug|x64.ActiveCfg = Debug|x64
		{02B10738-7717-4EBE-9F4A-F04657E591F7}.Debug|x64.Build.0 = Debug|x64
		{02B10738-7717-4EBE-9F4A-F04657E591F7}.Debug|x64.Deploy.0 = Debug|x64
		{02B10738-7717-4EBE-9F4A-F04657E591F7}.Debug|x86.ActiveCfg = Debug|x86
		{02B10738-7717-4EBE-9F4A-F04657E591F7}.Debug|x86.Build.0 = Debug|x86
		{02B10738-7717-4EBE-9F4A-F04657E591F7}.Debug|x86.Deploy.0 = Debug|x86
		{02B10738-7717-4EBE-9F4A-F04657E591F7}.Release|Any CPU.ActiveCfg = Release|x86
		{02B10738-7717-4EBE-9F4A-F04657E591F7}.Release|Any CPU.Build.0 = Release|x86
		{02B10738-7717-4EBE-9F4A-F04657E591F7}.Release|Any CPU.Deploy.0 = Release|x86
		{02B10738-7717-4EBE-9F4A-F04657E591F7}.Release|ARM.ActiveCfg = Release|ARM
		{02B10738-7717-4EBE-9F4A-F04657E591F7}.Release|ARM.Build.0 = Release|ARM
		{02B10738-7717-4EBE-9F4A-F04657E591F7}.Release|ARM.Deploy.0 = Release|ARM
		{02B10738-7717-4EBE-9F4A-F04657E591F7}.Release|iPhone.ActiveCfg = Release|x86
		{02B10738-7717-4EBE-9F4A-F04657E591F7}.Release|iPhone.Build.0 = Release|x86
		{02B10738-7717-4EBE-9F4A-F04657E591F7}.Release|iPhone.Deploy.0 = Release|x86
		{02B10738-7717-4EBE-9F4A-F04657E591F7}.Release|iPhoneSimulator.ActiveCfg = Release|x86
		{02B10738-7717-4EBE-9F4A-F04657E591F7}.Release|iPhoneSimulator.Build.0 = Release|x86
		{02B10738-7717-4EBE-9F4A-F04657E591F7}.Release|iPhoneSimulator.Deploy.0 = Release|x86
		{02B10738-7717-4EBE-9F4A-F04657E591F7}.Release|x64.ActiveCfg = Release|x64
		{02B10738-7717-4EBE-9F4A-F04657E591F7}.Release|x64.Build.0 = Release|x64
		{02B10738-7717-4EBE-9F4A-F04657E591F7}.Release|x64.Deploy.0 = Release|x64
		{02B10738-7717-4EBE-9F4A-F04657E591F7}.Release|x86.ActiveCfg = Release|x86
		{02B10738-7717-4EBE-9F4A-F04657E591F7}.Release|x86.Build.0 = Release|x86
		{02B10738-7717-4EBE-9F4A-F04657E591F7}.Release|x86.Deploy.0 = Release|x86
		{8389D7BB-3204-4F54-AAC2-BB242F2E6EF4}.Debug|Any CPU.ActiveCfg = Debug|Any CPU
		{8389D7BB-3204-4F54-AAC2-BB242F2E6EF4}.Debug|Any CPU.Build.0 = Debug|Any CPU
		{8389D7BB-3204-4F54-AAC2-BB242F2E6EF4}.Debug|Any CPU.Deploy.0 = Debug|Any CPU
		{8389D7BB-3204-4F54-AAC2-BB242F2E6EF4}.Debug|ARM.ActiveCfg = Debug|Any CPU
		{8389D7BB-3204-4F54-AAC2-BB242F2E6EF4}.Debug|ARM.Build.0 = Debug|Any CPU
		{8389D7BB-3204-4F54-AAC2-BB242F2E6EF4}.Debug|ARM.Deploy.0 = Debug|Any CPU
		{8389D7BB-3204-4F54-AAC2-BB242F2E6EF4}.Debug|iPhone.ActiveCfg = Debug|Any CPU
		{8389D7BB-3204-4F54-AAC2-BB242F2E6EF4}.Debug|iPhone.Build.0 = Debug|Any CPU
		{8389D7BB-3204-4F54-AAC2-BB242F2E6EF4}.Debug|iPhone.Deploy.0 = Debug|Any CPU
		{8389D7BB-3204-4F54-AAC2-BB242F2E6EF4}.Debug|iPhoneSimulator.ActiveCfg = Debug|Any CPU
		{8389D7BB-3204-4F54-AAC2-BB242F2E6EF4}.Debug|iPhoneSimulator.Build.0 = Debug|Any CPU
		{8389D7BB-3204-4F54-AAC2-BB242F2E6EF4}.Debug|iPhoneSimulator.Deploy.0 = Debug|Any CPU
		{8389D7BB-3204-4F54-AAC2-BB242F2E6EF4}.Debug|x64.ActiveCfg = Debug|Any CPU
		{8389D7BB-3204-4F54-AAC2-BB242F2E6EF4}.Debug|x64.Build.0 = Debug|Any CPU
		{8389D7BB-3204-4F54-AAC2-BB242F2E6EF4}.Debug|x64.Deploy.0 = Debug|Any CPU
		{8389D7BB-3204-4F54-AAC2-BB242F2E6EF4}.Debug|x86.ActiveCfg = Debug|Any CPU
		{8389D7BB-3204-4F54-AAC2-BB242F2E6EF4}.Debug|x86.Build.0 = Debug|Any CPU
		{8389D7BB-3204-4F54-AAC2-BB242F2E6EF4}.Debug|x86.Deploy.0 = Debug|Any CPU
		{8389D7BB-3204-4F54-AAC2-BB242F2E6EF4}.Release|Any CPU.ActiveCfg = Release|Any CPU
		{8389D7BB-3204-4F54-AAC2-BB242F2E6EF4}.Release|Any CPU.Build.0 = Release|Any CPU
		{8389D7BB-3204-4F54-AAC2-BB242F2E6EF4}.Release|Any CPU.Deploy.0 = Release|Any CPU
		{8389D7BB-3204-4F54-AAC2-BB242F2E6EF4}.Release|ARM.ActiveCfg = Release|Any CPU
		{8389D7BB-3204-4F54-AAC2-BB242F2E6EF4}.Release|ARM.Build.0 = Release|Any CPU
		{8389D7BB-3204-4F54-AAC2-BB242F2E6EF4}.Release|ARM.Deploy.0 = Release|Any CPU
		{8389D7BB-3204-4F54-AAC2-BB242F2E6EF4}.Release|iPhone.ActiveCfg = Release|Any CPU
		{8389D7BB-3204-4F54-AAC2-BB242F2E6EF4}.Release|iPhone.Build.0 = Release|Any CPU
		{8389D7BB-3204-4F54-AAC2-BB242F2E6EF4}.Release|iPhone.Deploy.0 = Release|Any CPU
		{8389D7BB-3204-4F54-AAC2-BB242F2E6EF4}.Release|iPhoneSimulator.ActiveCfg = Release|Any CPU
		{8389D7BB-3204-4F54-AAC2-BB242F2E6EF4}.Release|iPhoneSimulator.Build.0 = Release|Any CPU
		{8389D7BB-3204-4F54-AAC2-BB242F2E6EF4}.Release|iPhoneSimulator.Deploy.0 = Release|Any CPU
		{8389D7BB-3204-4F54-AAC2-BB242F2E6EF4}.Release|x64.ActiveCfg = Release|Any CPU
		{8389D7BB-3204-4F54-AAC2-BB242F2E6EF4}.Release|x64.Build.0 = Release|Any CPU
		{8389D7BB-3204-4F54-AAC2-BB242F2E6EF4}.Release|x64.Deploy.0 = Release|Any CPU
		{8389D7BB-3204-4F54-AAC2-BB242F2E6EF4}.Release|x86.ActiveCfg = Release|Any CPU
		{8389D7BB-3204-4F54-AAC2-BB242F2E6EF4}.Release|x86.Build.0 = Release|Any CPU
		{8389D7BB-3204-4F54-AAC2-BB242F2E6EF4}.Release|x86.Deploy.0 = Release|Any CPU
		{5FE2B690-3585-4BF5-99C2-BBEBA786AF5F}.Debug|Any CPU.ActiveCfg = Debug|Any CPU
		{5FE2B690-3585-4BF5-99C2-BBEBA786AF5F}.Debug|Any CPU.Build.0 = Debug|Any CPU
		{5FE2B690-3585-4BF5-99C2-BBEBA786AF5F}.Debug|Any CPU.Deploy.0 = Debug|Any CPU
		{5FE2B690-3585-4BF5-99C2-BBEBA786AF5F}.Debug|ARM.ActiveCfg = Debug|Any CPU
		{5FE2B690-3585-4BF5-99C2-BBEBA786AF5F}.Debug|ARM.Build.0 = Debug|Any CPU
		{5FE2B690-3585-4BF5-99C2-BBEBA786AF5F}.Debug|ARM.Deploy.0 = Debug|Any CPU
		{5FE2B690-3585-4BF5-99C2-BBEBA786AF5F}.Debug|iPhone.ActiveCfg = Debug|Any CPU
		{5FE2B690-3585-4BF5-99C2-BBEBA786AF5F}.Debug|iPhone.Build.0 = Debug|Any CPU
		{5FE2B690-3585-4BF5-99C2-BBEBA786AF5F}.Debug|iPhone.Deploy.0 = Debug|Any CPU
		{5FE2B690-3585-4BF5-99C2-BBEBA786AF5F}.Debug|iPhoneSimulator.ActiveCfg = Debug|Any CPU
		{5FE2B690-3585-4BF5-99C2-BBEBA786AF5F}.Debug|iPhoneSimulator.Build.0 = Debug|Any CPU
		{5FE2B690-3585-4BF5-99C2-BBEBA786AF5F}.Debug|iPhoneSimulator.Deploy.0 = Debug|Any CPU
		{5FE2B690-3585-4BF5-99C2-BBEBA786AF5F}.Debug|x64.ActiveCfg = Debug|Any CPU
		{5FE2B690-3585-4BF5-99C2-BBEBA786AF5F}.Debug|x64.Build.0 = Debug|Any CPU
		{5FE2B690-3585-4BF5-99C2-BBEBA786AF5F}.Debug|x64.Deploy.0 = Debug|Any CPU
		{5FE2B690-3585-4BF5-99C2-BBEBA786AF5F}.Debug|x86.ActiveCfg = Debug|Any CPU
		{5FE2B690-3585-4BF5-99C2-BBEBA786AF5F}.Debug|x86.Build.0 = Debug|Any CPU
		{5FE2B690-3585-4BF5-99C2-BBEBA786AF5F}.Debug|x86.Deploy.0 = Debug|Any CPU
		{5FE2B690-3585-4BF5-99C2-BBEBA786AF5F}.Release|Any CPU.ActiveCfg = Release|Any CPU
		{5FE2B690-3585-4BF5-99C2-BBEBA786AF5F}.Release|Any CPU.Build.0 = Release|Any CPU
		{5FE2B690-3585-4BF5-99C2-BBEBA786AF5F}.Release|Any CPU.Deploy.0 = Release|Any CPU
		{5FE2B690-3585-4BF5-99C2-BBEBA786AF5F}.Release|ARM.ActiveCfg = Release|Any CPU
		{5FE2B690-3585-4BF5-99C2-BBEBA786AF5F}.Release|ARM.Build.0 = Release|Any CPU
		{5FE2B690-3585-4BF5-99C2-BBEBA786AF5F}.Release|ARM.Deploy.0 = Release|Any CPU
		{5FE2B690-3585-4BF5-99C2-BBEBA786AF5F}.Release|iPhone.ActiveCfg = Release|Any CPU
		{5FE2B690-3585-4BF5-99C2-BBEBA786AF5F}.Release|iPhone.Build.0 = Release|Any CPU
		{5FE2B690-3585-4BF5-99C2-BBEBA786AF5F}.Release|iPhone.Deploy.0 = Release|Any CPU
		{5FE2B690-3585-4BF5-99C2-BBEBA786AF5F}.Release|iPhoneSimulator.ActiveCfg = Release|Any CPU
		{5FE2B690-3585-4BF5-99C2-BBEBA786AF5F}.Release|iPhoneSimulator.Build.0 = Release|Any CPU
		{5FE2B690-3585-4BF5-99C2-BBEBA786AF5F}.Release|iPhoneSimulator.Deploy.0 = Release|Any CPU
		{5FE2B690-3585-4BF5-99C2-BBEBA786AF5F}.Release|x64.ActiveCfg = Release|Any CPU
		{5FE2B690-3585-4BF5-99C2-BBEBA786AF5F}.Release|x64.Build.0 = Release|Any CPU
		{5FE2B690-3585-4BF5-99C2-BBEBA786AF5F}.Release|x64.Deploy.0 = Release|Any CPU
		{5FE2B690-3585-4BF5-99C2-BBEBA786AF5F}.Release|x86.ActiveCfg = Release|Any CPU
		{5FE2B690-3585-4BF5-99C2-BBEBA786AF5F}.Release|x86.Build.0 = Release|Any CPU
		{5FE2B690-3585-4BF5-99C2-BBEBA786AF5F}.Release|x86.Deploy.0 = Release|Any CPU
	EndGlobalSection
	GlobalSection(SolutionProperties) = preSolution
		HideSolutionNode = FALSE
	EndGlobalSection
	GlobalSection(ExtensibilityGlobals) = postSolution
		SolutionGuid = {F3843DE5-D41D-4BF4-BB63-127578B97588}
	EndGlobalSection
EndGlobal
